// !$*UTF8*$!
{
	archiveVersion = 1;
	classes = {
	};
	objectVersion = 51;
	objects = {

/* Begin PBXBuildFile section */
		871B69762372E16700D995B2 /* NetworkManager.swift in Sources */ = {isa = PBXBuildFile; fileRef = 871B69752372E16700D995B2 /* NetworkManager.swift */; };
		87965D332378435700D56F5E /* ProfileSpecialist.xib in Resources */ = {isa = PBXBuildFile; fileRef = 87965D322378435700D56F5E /* ProfileSpecialist.xib */; };
		87965D352378458800D56F5E /* ProfileClient.xib in Resources */ = {isa = PBXBuildFile; fileRef = 87965D342378458800D56F5E /* ProfileClient.xib */; };
		87965D6223796C6600D56F5E /* PhotosSpecialistCollectionView.swift in Sources */ = {isa = PBXBuildFile; fileRef = 87965D6123796C6600D56F5E /* PhotosSpecialistCollectionView.swift */; };
		87965D6423796E4600D56F5E /* PhotoCellModel.swift in Sources */ = {isa = PBXBuildFile; fileRef = 87965D6323796E4600D56F5E /* PhotoCellModel.swift */; };
		87965D6623796F4F00D56F5E /* PhotoCollectionViewCell.swift in Sources */ = {isa = PBXBuildFile; fileRef = 87965D6523796F4F00D56F5E /* PhotoCollectionViewCell.swift */; };
		87E321C423679D2E00ECF1C9 /* GoogleService-Info.plist in Resources */ = {isa = PBXBuildFile; fileRef = 87E321C323679D2E00ECF1C9 /* GoogleService-Info.plist */; };
		87E321C623679D6300ECF1C9 /* MainPage.storyboard in Resources */ = {isa = PBXBuildFile; fileRef = 87E321C523679D6300ECF1C9 /* MainPage.storyboard */; };
		87E321C823679E0700ECF1C9 /* SpecialistCell.xib in Resources */ = {isa = PBXBuildFile; fileRef = 87E321C723679E0700ECF1C9 /* SpecialistCell.xib */; };
		87E32BB2235DD4A800E41727 /* MainTabBarController.swift in Sources */ = {isa = PBXBuildFile; fileRef = 87E32BB1235DD4A800E41727 /* MainTabBarController.swift */; };
		87E3343B23715AE300B66129 /* ClientCell.xib in Resources */ = {isa = PBXBuildFile; fileRef = 87E3343A23715AE300B66129 /* ClientCell.xib */; };
		87E34C86238ACF1900101995 /* ProfileToShowViewController.swift in Sources */ = {isa = PBXBuildFile; fileRef = 87E34C85238ACF1900101995 /* ProfileToShowViewController.swift */; };
		87E36461234C9ACC00ADE4D2 /* AppDelegate.swift in Sources */ = {isa = PBXBuildFile; fileRef = 87E36460234C9ACC00ADE4D2 /* AppDelegate.swift */; };
		87E36463234C9ACC00ADE4D2 /* ViewController.swift in Sources */ = {isa = PBXBuildFile; fileRef = 87E36462234C9ACC00ADE4D2 /* ViewController.swift */; };
		87E36466234C9ACC00ADE4D2 /* Main.storyboard in Resources */ = {isa = PBXBuildFile; fileRef = 87E36464234C9ACC00ADE4D2 /* Main.storyboard */; };
		87E36469234C9ACC00ADE4D2 /* Findee.xcdatamodeld in Sources */ = {isa = PBXBuildFile; fileRef = 87E36467234C9ACC00ADE4D2 /* Findee.xcdatamodeld */; };
		87E3646B234C9ACE00ADE4D2 /* Assets.xcassets in Resources */ = {isa = PBXBuildFile; fileRef = 87E3646A234C9ACE00ADE4D2 /* Assets.xcassets */; };
		87E3646E234C9ACE00ADE4D2 /* LaunchScreen.storyboard in Resources */ = {isa = PBXBuildFile; fileRef = 87E3646C234C9ACE00ADE4D2 /* LaunchScreen.storyboard */; };
		87E36478234C9C8600ADE4D2 /* SignUpViewController.swift in Sources */ = {isa = PBXBuildFile; fileRef = 87E36477234C9C8600ADE4D2 /* SignUpViewController.swift */; };
		87E3647A234C9CAA00ADE4D2 /* MainPageViewController.swift in Sources */ = {isa = PBXBuildFile; fileRef = 87E36479234C9CAA00ADE4D2 /* MainPageViewController.swift */; };
		87E3F3F22382B8AD00FC74B8 /* UserState.swift in Sources */ = {isa = PBXBuildFile; fileRef = 87E3F3F12382B8AD00FC74B8 /* UserState.swift */; };
		87E4144C2371C9B900D845E4 /* ClientCellModel.swift in Sources */ = {isa = PBXBuildFile; fileRef = 87E4144B2371C9B900D845E4 /* ClientCellModel.swift */; };
		87E4144E2371CB8400D845E4 /* ClientModel.swift in Sources */ = {isa = PBXBuildFile; fileRef = 87E4144D2371CB8400D845E4 /* ClientModel.swift */; };
		87E414502371D2C500D845E4 /* ClientCollectionView.swift in Sources */ = {isa = PBXBuildFile; fileRef = 87E4144F2371D2C500D845E4 /* ClientCollectionView.swift */; };
		87E48484234F318E0057BD2B /* SettingsViewController.swift in Sources */ = {isa = PBXBuildFile; fileRef = 87E48483234F318E0057BD2B /* SettingsViewController.swift */; };
		87E545BD2359C40D005EA410 /* LoginViewController.swift in Sources */ = {isa = PBXBuildFile; fileRef = 87E545BC2359C40D005EA410 /* LoginViewController.swift */; };
		87E6BDB5236824F900AFB390 /* SpecialistCellModel.swift in Sources */ = {isa = PBXBuildFile; fileRef = 87E6BDB4236824F900AFB390 /* SpecialistCellModel.swift */; };
		87E6FE0D235A2BAD008960E9 /* LoginNavController.swift in Sources */ = {isa = PBXBuildFile; fileRef = 87E6FE0C235A2BAD008960E9 /* LoginNavController.swift */; };
		87E6FE11235A35DA008960E9 /* SpecialistCollectionView.swift in Sources */ = {isa = PBXBuildFile; fileRef = 87E6FE10235A35DA008960E9 /* SpecialistCollectionView.swift */; };
		87E6FE13235A3798008960E9 /* SpecialistModel.swift in Sources */ = {isa = PBXBuildFile; fileRef = 87E6FE12235A3798008960E9 /* SpecialistModel.swift */; };
		87E737FA237C119500389527 /* SpecialistProfileCollectionView.swift in Sources */ = {isa = PBXBuildFile; fileRef = 87E737F9237C119500389527 /* SpecialistProfileCollectionView.swift */; };
		87E737FD237C11E200389527 /* ClientProfileCollectionView.swift in Sources */ = {isa = PBXBuildFile; fileRef = 87E737FC237C11E200389527 /* ClientProfileCollectionView.swift */; };
		87E73803237C18A800389527 /* SpecialistProfileModel.swift in Sources */ = {isa = PBXBuildFile; fileRef = 87E73802237C18A800389527 /* SpecialistProfileModel.swift */; };
		87E73805237C18CF00389527 /* ClientProfileModel.swift in Sources */ = {isa = PBXBuildFile; fileRef = 87E73804237C18CF00389527 /* ClientProfileModel.swift */; };
		87F0ACED237BE5C5007B12E2 /* ProfileViewController.swift in Sources */ = {isa = PBXBuildFile; fileRef = 87F0ACEC237BE5C5007B12E2 /* ProfileViewController.swift */; };
		8FBCDA482C1564BF14D3525F /* Pods_Findee.framework in Frameworks */ = {isa = PBXBuildFile; fileRef = D001EC3B40FDCD07ADAF5CDD /* Pods_Findee.framework */; };
/* End PBXBuildFile section */

/* Begin PBXFileReference section */
		4AC791F01F3BA72D85481EF1 /* Pods-Findee.debug.xcconfig */ = {isa = PBXFileReference; includeInIndex = 1; lastKnownFileType = text.xcconfig; name = "Pods-Findee.debug.xcconfig"; path = "Target Support Files/Pods-Findee/Pods-Findee.debug.xcconfig"; sourceTree = "<group>"; };
		60FFAEC36B835B95A294E3A9 /* Pods-Findee.release.xcconfig */ = {isa = PBXFileReference; includeInIndex = 1; lastKnownFileType = text.xcconfig; name = "Pods-Findee.release.xcconfig"; path = "Target Support Files/Pods-Findee/Pods-Findee.release.xcconfig"; sourceTree = "<group>"; };
		871B69752372E16700D995B2 /* NetworkManager.swift */ = {isa = PBXFileReference; lastKnownFileType = sourcecode.swift; path = NetworkManager.swift; sourceTree = "<group>"; };
		87965D322378435700D56F5E /* ProfileSpecialist.xib */ = {isa = PBXFileReference; lastKnownFileType = file.xib; path = ProfileSpecialist.xib; sourceTree = "<group>"; };
		87965D342378458800D56F5E /* ProfileClient.xib */ = {isa = PBXFileReference; lastKnownFileType = file.xib; path = ProfileClient.xib; sourceTree = "<group>"; };
		87965D6123796C6600D56F5E /* PhotosSpecialistCollectionView.swift */ = {isa = PBXFileReference; lastKnownFileType = sourcecode.swift; path = PhotosSpecialistCollectionView.swift; sourceTree = "<group>"; };
		87965D6323796E4600D56F5E /* PhotoCellModel.swift */ = {isa = PBXFileReference; lastKnownFileType = sourcecode.swift; path = PhotoCellModel.swift; sourceTree = "<group>"; };
		87965D6523796F4F00D56F5E /* PhotoCollectionViewCell.swift */ = {isa = PBXFileReference; lastKnownFileType = sourcecode.swift; path = PhotoCollectionViewCell.swift; sourceTree = "<group>"; };
		87E321C323679D2E00ECF1C9 /* GoogleService-Info.plist */ = {isa = PBXFileReference; fileEncoding = 4; lastKnownFileType = text.plist.xml; path = "GoogleService-Info.plist"; sourceTree = "<group>"; };
		87E321C523679D6300ECF1C9 /* MainPage.storyboard */ = {isa = PBXFileReference; fileEncoding = 4; lastKnownFileType = file.storyboard; path = MainPage.storyboard; sourceTree = "<group>"; };
		87E321C723679E0700ECF1C9 /* SpecialistCell.xib */ = {isa = PBXFileReference; lastKnownFileType = file.xib; path = SpecialistCell.xib; sourceTree = "<group>"; };
		87E32BB1235DD4A800E41727 /* MainTabBarController.swift */ = {isa = PBXFileReference; lastKnownFileType = sourcecode.swift; path = MainTabBarController.swift; sourceTree = "<group>"; };
		87E3343A23715AE300B66129 /* ClientCell.xib */ = {isa = PBXFileReference; lastKnownFileType = file.xib; path = ClientCell.xib; sourceTree = "<group>"; };
		87E34C85238ACF1900101995 /* ProfileToShowViewController.swift */ = {isa = PBXFileReference; lastKnownFileType = sourcecode.swift; path = ProfileToShowViewController.swift; sourceTree = "<group>"; };
		87E3645D234C9ACC00ADE4D2 /* Findee.app */ = {isa = PBXFileReference; explicitFileType = wrapper.application; includeInIndex = 0; path = Findee.app; sourceTree = BUILT_PRODUCTS_DIR; };
		87E36460234C9ACC00ADE4D2 /* AppDelegate.swift */ = {isa = PBXFileReference; lastKnownFileType = sourcecode.swift; path = AppDelegate.swift; sourceTree = "<group>"; };
		87E36462234C9ACC00ADE4D2 /* ViewController.swift */ = {isa = PBXFileReference; lastKnownFileType = sourcecode.swift; path = ViewController.swift; sourceTree = "<group>"; };
		87E36465234C9ACC00ADE4D2 /* Base */ = {isa = PBXFileReference; lastKnownFileType = file.storyboard; name = Base; path = Base.lproj/Main.storyboard; sourceTree = "<group>"; };
		87E36468234C9ACC00ADE4D2 /* Findee.xcdatamodel */ = {isa = PBXFileReference; lastKnownFileType = wrapper.xcdatamodel; path = Findee.xcdatamodel; sourceTree = "<group>"; };
		87E3646A234C9ACE00ADE4D2 /* Assets.xcassets */ = {isa = PBXFileReference; lastKnownFileType = folder.assetcatalog; path = Assets.xcassets; sourceTree = "<group>"; };
		87E3646D234C9ACE00ADE4D2 /* Base */ = {isa = PBXFileReference; lastKnownFileType = file.storyboard; name = Base; path = Base.lproj/LaunchScreen.storyboard; sourceTree = "<group>"; };
		87E3646F234C9ACE00ADE4D2 /* Info.plist */ = {isa = PBXFileReference; lastKnownFileType = text.plist.xml; path = Info.plist; sourceTree = "<group>"; };
		87E36477234C9C8600ADE4D2 /* SignUpViewController.swift */ = {isa = PBXFileReference; lastKnownFileType = sourcecode.swift; path = SignUpViewController.swift; sourceTree = "<group>"; };
		87E36479234C9CAA00ADE4D2 /* MainPageViewController.swift */ = {isa = PBXFileReference; lastKnownFileType = sourcecode.swift; path = MainPageViewController.swift; sourceTree = "<group>"; };
		87E3F3F12382B8AD00FC74B8 /* UserState.swift */ = {isa = PBXFileReference; lastKnownFileType = sourcecode.swift; path = UserState.swift; sourceTree = "<group>"; };
		87E4144B2371C9B900D845E4 /* ClientCellModel.swift */ = {isa = PBXFileReference; lastKnownFileType = sourcecode.swift; path = ClientCellModel.swift; sourceTree = "<group>"; };
		87E4144D2371CB8400D845E4 /* ClientModel.swift */ = {isa = PBXFileReference; lastKnownFileType = sourcecode.swift; path = ClientModel.swift; sourceTree = "<group>"; };
		87E4144F2371D2C500D845E4 /* ClientCollectionView.swift */ = {isa = PBXFileReference; lastKnownFileType = sourcecode.swift; path = ClientCollectionView.swift; sourceTree = "<group>"; };
		87E48483234F318E0057BD2B /* SettingsViewController.swift */ = {isa = PBXFileReference; lastKnownFileType = sourcecode.swift; path = SettingsViewController.swift; sourceTree = "<group>"; };
		87E545BC2359C40D005EA410 /* LoginViewController.swift */ = {isa = PBXFileReference; lastKnownFileType = sourcecode.swift; path = LoginViewController.swift; sourceTree = "<group>"; };
		87E6BDB4236824F900AFB390 /* SpecialistCellModel.swift */ = {isa = PBXFileReference; lastKnownFileType = sourcecode.swift; path = SpecialistCellModel.swift; sourceTree = "<group>"; };
		87E6FE0C235A2BAD008960E9 /* LoginNavController.swift */ = {isa = PBXFileReference; lastKnownFileType = sourcecode.swift; path = LoginNavController.swift; sourceTree = "<group>"; };
		87E6FE10235A35DA008960E9 /* SpecialistCollectionView.swift */ = {isa = PBXFileReference; lastKnownFileType = sourcecode.swift; path = SpecialistCollectionView.swift; sourceTree = "<group>"; };
		87E6FE12235A3798008960E9 /* SpecialistModel.swift */ = {isa = PBXFileReference; lastKnownFileType = sourcecode.swift; path = SpecialistModel.swift; sourceTree = "<group>"; };
		87E737F9237C119500389527 /* SpecialistProfileCollectionView.swift */ = {isa = PBXFileReference; lastKnownFileType = sourcecode.swift; path = SpecialistProfileCollectionView.swift; sourceTree = "<group>"; };
		87E737FC237C11E200389527 /* ClientProfileCollectionView.swift */ = {isa = PBXFileReference; lastKnownFileType = sourcecode.swift; path = ClientProfileCollectionView.swift; sourceTree = "<group>"; };
		87E73802237C18A800389527 /* SpecialistProfileModel.swift */ = {isa = PBXFileReference; lastKnownFileType = sourcecode.swift; path = SpecialistProfileModel.swift; sourceTree = "<group>"; };
		87E73804237C18CF00389527 /* ClientProfileModel.swift */ = {isa = PBXFileReference; lastKnownFileType = sourcecode.swift; path = ClientProfileModel.swift; sourceTree = "<group>"; };
		87F0ACEC237BE5C5007B12E2 /* ProfileViewController.swift */ = {isa = PBXFileReference; lastKnownFileType = sourcecode.swift; path = ProfileViewController.swift; sourceTree = "<group>"; };
		D001EC3B40FDCD07ADAF5CDD /* Pods_Findee.framework */ = {isa = PBXFileReference; explicitFileType = wrapper.framework; includeInIndex = 0; path = Pods_Findee.framework; sourceTree = BUILT_PRODUCTS_DIR; };
/* End PBXFileReference section */

/* Begin PBXFrameworksBuildPhase section */
		87E3645A234C9ACC00ADE4D2 /* Frameworks */ = {
			isa = PBXFrameworksBuildPhase;
			buildActionMask = 2147483647;
			files = (
				8FBCDA482C1564BF14D3525F /* Pods_Findee.framework in Frameworks */,
			);
			runOnlyForDeploymentPostprocessing = 0;
		};
/* End PBXFrameworksBuildPhase section */

/* Begin PBXGroup section */
		87E36454234C9ACC00ADE4D2 = {
			isa = PBXGroup;
			children = (
				87E3645F234C9ACC00ADE4D2 /* Findee */,
				87E3645E234C9ACC00ADE4D2 /* Products */,
				DA3BB7C881C3DF5AA8F6158A /* Pods */,
				B2803784A5862633267E2689 /* Frameworks */,
			);
			sourceTree = "<group>";
		};
		87E3645E234C9ACC00ADE4D2 /* Products */ = {
			isa = PBXGroup;
			children = (
				87E3645D234C9ACC00ADE4D2 /* Findee.app */,
			);
			name = Products;
			sourceTree = "<group>";
		};
		87E3645F234C9ACC00ADE4D2 /* Findee */ = {
			isa = PBXGroup;
			children = (
				87F0ACEC237BE5C5007B12E2 /* ProfileViewController.swift */,
				87E321C523679D6300ECF1C9 /* MainPage.storyboard */,
				87E36464234C9ACC00ADE4D2 /* Main.storyboard */,
				87E321C723679E0700ECF1C9 /* SpecialistCell.xib */,
				87E6BDB4236824F900AFB390 /* SpecialistCellModel.swift */,
				87E321C323679D2E00ECF1C9 /* GoogleService-Info.plist */,
				87E6FE0C235A2BAD008960E9 /* LoginNavController.swift */,
				87E6FE10235A35DA008960E9 /* SpecialistCollectionView.swift */,
				87E6FE12235A3798008960E9 /* SpecialistModel.swift */,
				87E48483234F318E0057BD2B /* SettingsViewController.swift */,
				87E36479234C9CAA00ADE4D2 /* MainPageViewController.swift */,
				87E32BB1235DD4A800E41727 /* MainTabBarController.swift */,
				87E545BC2359C40D005EA410 /* LoginViewController.swift */,
				87E36460234C9ACC00ADE4D2 /* AppDelegate.swift */,
				87E36462234C9ACC00ADE4D2 /* ViewController.swift */,
				87E36477234C9C8600ADE4D2 /* SignUpViewController.swift */,
				87E3646A234C9ACE00ADE4D2 /* Assets.xcassets */,
				87E3646C234C9ACE00ADE4D2 /* LaunchScreen.storyboard */,
				87E3646F234C9ACE00ADE4D2 /* Info.plist */,
				87E36467234C9ACC00ADE4D2 /* Findee.xcdatamodeld */,
				87E3343A23715AE300B66129 /* ClientCell.xib */,
				87E4144B2371C9B900D845E4 /* ClientCellModel.swift */,
				87E4144D2371CB8400D845E4 /* ClientModel.swift */,
				87E4144F2371D2C500D845E4 /* ClientCollectionView.swift */,
				871B69752372E16700D995B2 /* NetworkManager.swift */,
				87965D322378435700D56F5E /* ProfileSpecialist.xib */,
				87E73802237C18A800389527 /* SpecialistProfileModel.swift */,
				87965D342378458800D56F5E /* ProfileClient.xib */,
				87E73804237C18CF00389527 /* ClientProfileModel.swift */,
				87965D6123796C6600D56F5E /* PhotosSpecialistCollectionView.swift */,
				87965D6323796E4600D56F5E /* PhotoCellModel.swift */,
				87965D6523796F4F00D56F5E /* PhotoCollectionViewCell.swift */,
				87E737F9237C119500389527 /* SpecialistProfileCollectionView.swift */,
				87E737FC237C11E200389527 /* ClientProfileCollectionView.swift */,
				87E3F3F12382B8AD00FC74B8 /* UserState.swift */,
				87E34C85238ACF1900101995 /* ProfileToShowViewController.swift */,
			);
			path = Findee;
			sourceTree = "<group>";
		};
		B2803784A5862633267E2689 /* Frameworks */ = {
			isa = PBXGroup;
			children = (
				D001EC3B40FDCD07ADAF5CDD /* Pods_Findee.framework */,
			);
			name = Frameworks;
			sourceTree = "<group>";
		};
		DA3BB7C881C3DF5AA8F6158A /* Pods */ = {
			isa = PBXGroup;
			children = (
				4AC791F01F3BA72D85481EF1 /* Pods-Findee.debug.xcconfig */,
				60FFAEC36B835B95A294E3A9 /* Pods-Findee.release.xcconfig */,
			);
			path = Pods;
			sourceTree = "<group>";
		};
/* End PBXGroup section */

/* Begin PBXNativeTarget section */
		87E3645C234C9ACC00ADE4D2 /* Findee */ = {
			isa = PBXNativeTarget;
			buildConfigurationList = 87E36472234C9ACE00ADE4D2 /* Build configuration list for PBXNativeTarget "Findee" */;
			buildPhases = (
				F87817004C976C6792399ADE /* [CP] Check Pods Manifest.lock */,
				87E36459234C9ACC00ADE4D2 /* Sources */,
				87E3645A234C9ACC00ADE4D2 /* Frameworks */,
				87E3645B234C9ACC00ADE4D2 /* Resources */,
				05C170C8833659F15D7A34BD /* [CP] Embed Pods Frameworks */,
			);
			buildRules = (
			);
			dependencies = (
			);
			name = Findee;
			productName = Findee;
			productReference = 87E3645D234C9ACC00ADE4D2 /* Findee.app */;
			productType = "com.apple.product-type.application";
		};
/* End PBXNativeTarget section */

/* Begin PBXProject section */
		87E36455234C9ACC00ADE4D2 /* Project object */ = {
			isa = PBXProject;
			attributes = {
				LastSwiftUpdateCheck = 1020;
				LastUpgradeCheck = 1020;
				ORGANIZATIONNAME = "михаил";
				TargetAttributes = {
					87E3645C234C9ACC00ADE4D2 = {
						CreatedOnToolsVersion = 10.2.1;
					};
				};
			};
			buildConfigurationList = 87E36458234C9ACC00ADE4D2 /* Build configuration list for PBXProject "Findee" */;
			compatibilityVersion = "Xcode 9.3";
			developmentRegion = en;
			hasScannedForEncodings = 0;
			knownRegions = (
				en,
				Base,
			);
			mainGroup = 87E36454234C9ACC00ADE4D2;
			productRefGroup = 87E3645E234C9ACC00ADE4D2 /* Products */;
			projectDirPath = "";
			projectRoot = "";
			targets = (
				87E3645C234C9ACC00ADE4D2 /* Findee */,
			);
		};
/* End PBXProject section */

/* Begin PBXResourcesBuildPhase section */
		87E3645B234C9ACC00ADE4D2 /* Resources */ = {
			isa = PBXResourcesBuildPhase;
			buildActionMask = 2147483647;
			files = (
				87E3646E234C9ACE00ADE4D2 /* LaunchScreen.storyboard in Resources */,
				87E321C423679D2E00ECF1C9 /* GoogleService-Info.plist in Resources */,
				87E321C823679E0700ECF1C9 /* SpecialistCell.xib in Resources */,
				87965D352378458800D56F5E /* ProfileClient.xib in Resources */,
				87E3343B23715AE300B66129 /* ClientCell.xib in Resources */,
				87E321C623679D6300ECF1C9 /* MainPage.storyboard in Resources */,
				87965D332378435700D56F5E /* ProfileSpecialist.xib in Resources */,
				87E3646B234C9ACE00ADE4D2 /* Assets.xcassets in Resources */,
				87E36466234C9ACC00ADE4D2 /* Main.storyboard in Resources */,
			);
			runOnlyForDeploymentPostprocessing = 0;
		};
/* End PBXResourcesBuildPhase section */

/* Begin PBXShellScriptBuildPhase section */
		05C170C8833659F15D7A34BD /* [CP] Embed Pods Frameworks */ = {
			isa = PBXShellScriptBuildPhase;
			buildActionMask = 2147483647;
			files = (
			);
			inputFileListPaths = (
				"${PODS_ROOT}/Target Support Files/Pods-Findee/Pods-Findee-frameworks-${CONFIGURATION}-input-files.xcfilelist",
			);
			name = "[CP] Embed Pods Frameworks";
			outputFileListPaths = (
				"${PODS_ROOT}/Target Support Files/Pods-Findee/Pods-Findee-frameworks-${CONFIGURATION}-output-files.xcfilelist",
			);
			runOnlyForDeploymentPostprocessing = 0;
			shellPath = /bin/sh;
			shellScript = "\"${PODS_ROOT}/Target Support Files/Pods-Findee/Pods-Findee-frameworks.sh\"\n";
			showEnvVarsInLog = 0;
		};
		F87817004C976C6792399ADE /* [CP] Check Pods Manifest.lock */ = {
			isa = PBXShellScriptBuildPhase;
			buildActionMask = 2147483647;
			files = (
			);
			inputFileListPaths = (
			);
			inputPaths = (
				"${PODS_PODFILE_DIR_PATH}/Podfile.lock",
				"${PODS_ROOT}/Manifest.lock",
			);
			name = "[CP] Check Pods Manifest.lock";
			outputFileListPaths = (
			);
			outputPaths = (
				"$(DERIVED_FILE_DIR)/Pods-Findee-checkManifestLockResult.txt",
			);
			runOnlyForDeploymentPostprocessing = 0;
			shellPath = /bin/sh;
			shellScript = "diff \"${PODS_PODFILE_DIR_PATH}/Podfile.lock\" \"${PODS_ROOT}/Manifest.lock\" > /dev/null\nif [ $? != 0 ] ; then\n    # print error to STDERR\n    echo \"error: The sandbox is not in sync with the Podfile.lock. Run 'pod install' or update your CocoaPods installation.\" >&2\n    exit 1\nfi\n# This output is used by Xcode 'outputs' to avoid re-running this script phase.\necho \"SUCCESS\" > \"${SCRIPT_OUTPUT_FILE_0}\"\n";
			showEnvVarsInLog = 0;
		};
/* End PBXShellScriptBuildPhase section */

/* Begin PBXSourcesBuildPhase section */
		87E36459234C9ACC00ADE4D2 /* Sources */ = {
			isa = PBXSourcesBuildPhase;
			buildActionMask = 2147483647;
			files = (
				87E545BD2359C40D005EA410 /* LoginViewController.swift in Sources */,
				87E3F3F22382B8AD00FC74B8 /* UserState.swift in Sources */,
				87E3647A234C9CAA00ADE4D2 /* MainPageViewController.swift in Sources */,
				87E6FE11235A35DA008960E9 /* SpecialistCollectionView.swift in Sources */,
				87E36463234C9ACC00ADE4D2 /* ViewController.swift in Sources */,
				87E73805237C18CF00389527 /* ClientProfileModel.swift in Sources */,
				871B69762372E16700D995B2 /* NetworkManager.swift in Sources */,
				87E36461234C9ACC00ADE4D2 /* AppDelegate.swift in Sources */,
				87E34C86238ACF1900101995 /* ProfileToShowViewController.swift in Sources */,
				87F0ACED237BE5C5007B12E2 /* ProfileViewController.swift in Sources */,
				87E737FD237C11E200389527 /* ClientProfileCollectionView.swift in Sources */,
				87E6FE13235A3798008960E9 /* SpecialistModel.swift in Sources */,
				87E36469234C9ACC00ADE4D2 /* Findee.xcdatamodeld in Sources */,
				87E6BDB5236824F900AFB390 /* SpecialistCellModel.swift in Sources */,
				87E36478234C9C8600ADE4D2 /* SignUpViewController.swift in Sources */,
				87E4144C2371C9B900D845E4 /* ClientCellModel.swift in Sources */,
				87965D6623796F4F00D56F5E /* PhotoCollectionViewCell.swift in Sources */,
				87965D6223796C6600D56F5E /* PhotosSpecialistCollectionView.swift in Sources */,
				87E414502371D2C500D845E4 /* ClientCollectionView.swift in Sources */,
				87965D6423796E4600D56F5E /* PhotoCellModel.swift in Sources */,
				87E32BB2235DD4A800E41727 /* MainTabBarController.swift in Sources */,
				87E73803237C18A800389527 /* SpecialistProfileModel.swift in Sources */,
				87E4144E2371CB8400D845E4 /* ClientModel.swift in Sources */,
				87E737FA237C119500389527 /* SpecialistProfileCollectionView.swift in Sources */,
				87E48484234F318E0057BD2B /* SettingsViewController.swift in Sources */,
				87E6FE0D235A2BAD008960E9 /* LoginNavController.swift in Sources */,
			);
			runOnlyForDeploymentPostprocessing = 0;
		};
/* End PBXSourcesBuildPhase section */

/* Begin PBXVariantGroup section */
		87E36464234C9ACC00ADE4D2 /* Main.storyboard */ = {
			isa = PBXVariantGroup;
			children = (
				87E36465234C9ACC00ADE4D2 /* Base */,
			);
			name = Main.storyboard;
			sourceTree = "<group>";
		};
		87E3646C234C9ACE00ADE4D2 /* LaunchScreen.storyboard */ = {
			isa = PBXVariantGroup;
			children = (
				87E3646D234C9ACE00ADE4D2 /* Base */,
			);
			name = LaunchScreen.storyboard;
			sourceTree = "<group>";
		};
/* End PBXVariantGroup section */

/* Begin XCBuildConfiguration section */
		87E36470234C9ACE00ADE4D2 /* Debug */ = {
			isa = XCBuildConfiguration;
			buildSettings = {
				ALWAYS_SEARCH_USER_PATHS = NO;
				CLANG_ANALYZER_NONNULL = YES;
				CLANG_ANALYZER_NUMBER_OBJECT_CONVERSION = YES_AGGRESSIVE;
				CLANG_CXX_LANGUAGE_STANDARD = "gnu++14";
				CLANG_CXX_LIBRARY = "libc++";
				CLANG_ENABLE_MODULES = YES;
				CLANG_ENABLE_OBJC_ARC = YES;
				CLANG_ENABLE_OBJC_WEAK = YES;
				CLANG_WARN_BLOCK_CAPTURE_AUTORELEASING = YES;
				CLANG_WARN_BOOL_CONVERSION = YES;
				CLANG_WARN_COMMA = YES;
				CLANG_WARN_CONSTANT_CONVERSION = YES;
				CLANG_WARN_DEPRECATED_OBJC_IMPLEMENTATIONS = YES;
				CLANG_WARN_DIRECT_OBJC_ISA_USAGE = YES_ERROR;
				CLANG_WARN_DOCUMENTATION_COMMENTS = YES;
				CLANG_WARN_EMPTY_BODY = YES;
				CLANG_WARN_ENUM_CONVERSION = YES;
				CLANG_WARN_INFINITE_RECURSION = YES;
				CLANG_WARN_INT_CONVERSION = YES;
				CLANG_WARN_NON_LITERAL_NULL_CONVERSION = YES;
				CLANG_WARN_OBJC_IMPLICIT_RETAIN_SELF = YES;
				CLANG_WARN_OBJC_LITERAL_CONVERSION = YES;
				CLANG_WARN_OBJC_ROOT_CLASS = YES_ERROR;
				CLANG_WARN_RANGE_LOOP_ANALYSIS = YES;
				CLANG_WARN_STRICT_PROTOTYPES = YES;
				CLANG_WARN_SUSPICIOUS_MOVE = YES;
				CLANG_WARN_UNGUARDED_AVAILABILITY = YES_AGGRESSIVE;
				CLANG_WARN_UNREACHABLE_CODE = YES;
				CLANG_WARN__DUPLICATE_METHOD_MATCH = YES;
				CODE_SIGN_IDENTITY = "iPhone Developer";
				COPY_PHASE_STRIP = NO;
				DEBUG_INFORMATION_FORMAT = dwarf;
				ENABLE_STRICT_OBJC_MSGSEND = YES;
				ENABLE_TESTABILITY = YES;
				GCC_C_LANGUAGE_STANDARD = gnu11;
				GCC_DYNAMIC_NO_PIC = NO;
				GCC_NO_COMMON_BLOCKS = YES;
				GCC_OPTIMIZATION_LEVEL = 0;
				GCC_PREPROCESSOR_DEFINITIONS = (
					"DEBUG=1",
					"$(inherited)",
				);
				GCC_WARN_64_TO_32_BIT_CONVERSION = YES;
				GCC_WARN_ABOUT_RETURN_TYPE = YES_ERROR;
				GCC_WARN_UNDECLARED_SELECTOR = YES;
				GCC_WARN_UNINITIALIZED_AUTOS = YES_AGGRESSIVE;
				GCC_WARN_UNUSED_FUNCTION = YES;
				GCC_WARN_UNUSED_VARIABLE = YES;
				IPHONEOS_DEPLOYMENT_TARGET = 12.2;
				MTL_ENABLE_DEBUG_INFO = INCLUDE_SOURCE;
				MTL_FAST_MATH = YES;
				ONLY_ACTIVE_ARCH = YES;
				SDKROOT = iphoneos;
				SWIFT_ACTIVE_COMPILATION_CONDITIONS = DEBUG;
				SWIFT_OPTIMIZATION_LEVEL = "-Onone";
			};
			name = Debug;
		};
		87E36471234C9ACE00ADE4D2 /* Release */ = {
			isa = XCBuildConfiguration;
			buildSettings = {
				ALWAYS_SEARCH_USER_PATHS = NO;
				CLANG_ANALYZER_NONNULL = YES;
				CLANG_ANALYZER_NUMBER_OBJECT_CONVERSION = YES_AGGRESSIVE;
				CLANG_CXX_LANGUAGE_STANDARD = "gnu++14";
				CLANG_CXX_LIBRARY = "libc++";
				CLANG_ENABLE_MODULES = YES;
				CLANG_ENABLE_OBJC_ARC = YES;
				CLANG_ENABLE_OBJC_WEAK = YES;
				CLANG_WARN_BLOCK_CAPTURE_AUTORELEASING = YES;
				CLANG_WARN_BOOL_CONVERSION = YES;
				CLANG_WARN_COMMA = YES;
				CLANG_WARN_CONSTANT_CONVERSION = YES;
				CLANG_WARN_DEPRECATED_OBJC_IMPLEMENTATIONS = YES;
				CLANG_WARN_DIRECT_OBJC_ISA_USAGE = YES_ERROR;
				CLANG_WARN_DOCUMENTATION_COMMENTS = YES;
				CLANG_WARN_EMPTY_BODY = YES;
				CLANG_WARN_ENUM_CONVERSION = YES;
				CLANG_WARN_INFINITE_RECURSION = YES;
				CLANG_WARN_INT_CONVERSION = YES;
				CLANG_WARN_NON_LITERAL_NULL_CONVERSION = YES;
				CLANG_WARN_OBJC_IMPLICIT_RETAIN_SELF = YES;
				CLANG_WARN_OBJC_LITERAL_CONVERSION = YES;
				CLANG_WARN_OBJC_ROOT_CLASS = YES_ERROR;
				CLANG_WARN_RANGE_LOOP_ANALYSIS = YES;
				CLANG_WARN_STRICT_PROTOTYPES = YES;
				CLANG_WARN_SUSPICIOUS_MOVE = YES;
				CLANG_WARN_UNGUARDED_AVAILABILITY = YES_AGGRESSIVE;
				CLANG_WARN_UNREACHABLE_CODE = YES;
				CLANG_WARN__DUPLICATE_METHOD_MATCH = YES;
				CODE_SIGN_IDENTITY = "iPhone Developer";
				COPY_PHASE_STRIP = NO;
				DEBUG_INFORMATION_FORMAT = "dwarf-with-dsym";
				ENABLE_NS_ASSERTIONS = NO;
				ENABLE_STRICT_OBJC_MSGSEND = YES;
				GCC_C_LANGUAGE_STANDARD = gnu11;
				GCC_NO_COMMON_BLOCKS = YES;
				GCC_WARN_64_TO_32_BIT_CONVERSION = YES;
				GCC_WARN_ABOUT_RETURN_TYPE = YES_ERROR;
				GCC_WARN_UNDECLARED_SELECTOR = YES;
				GCC_WARN_UNINITIALIZED_AUTOS = YES_AGGRESSIVE;
				GCC_WARN_UNUSED_FUNCTION = YES;
				GCC_WARN_UNUSED_VARIABLE = YES;
				IPHONEOS_DEPLOYMENT_TARGET = 12.2;
				MTL_ENABLE_DEBUG_INFO = NO;
				MTL_FAST_MATH = YES;
				SDKROOT = iphoneos;
				SWIFT_COMPILATION_MODE = wholemodule;
				SWIFT_OPTIMIZATION_LEVEL = "-O";
				VALIDATE_PRODUCT = YES;
			};
			name = Release;
		};
		87E36473234C9ACE00ADE4D2 /* Debug */ = {
			isa = XCBuildConfiguration;
			baseConfigurationReference = 4AC791F01F3BA72D85481EF1 /* Pods-Findee.debug.xcconfig */;
			buildSettings = {
				ASSETCATALOG_COMPILER_APPICON_NAME = AppIcon;
				CODE_SIGN_STYLE = Automatic;
				INFOPLIST_FILE = Findee/Info.plist;
				IPHONEOS_DEPLOYMENT_TARGET = 11.0;
				LD_RUNPATH_SEARCH_PATHS = (
					"$(inherited)",
					"@executable_path/Frameworks",
				);
				PRODUCT_BUNDLE_IDENTIFIER = findee.ru;
				PRODUCT_NAME = "$(TARGET_NAME)";
				SWIFT_VERSION = 5.0;
				TARGETED_DEVICE_FAMILY = "1,2";
			};
			name = Debug;
		};
		87E36474234C9ACE00ADE4D2 /* Release */ = {
			isa = XCBuildConfiguration;
			baseConfigurationReference = 60FFAEC36B835B95A294E3A9 /* Pods-Findee.release.xcconfig */;
			buildSettings = {
				ASSETCATALOG_COMPILER_APPICON_NAME = AppIcon;
				CODE_SIGN_STYLE = Automatic;
				INFOPLIST_FILE = Findee/Info.plist;
				IPHONEOS_DEPLOYMENT_TARGET = 11.0;
				LD_RUNPATH_SEARCH_PATHS = (
					"$(inherited)",
					"@executable_path/Frameworks",
				);
				PRODUCT_BUNDLE_IDENTIFIER = findee.ru;
				PRODUCT_NAME = "$(TARGET_NAME)";
				SWIFT_VERSION = 5.0;
				TARGETED_DEVICE_FAMILY = "1,2";
			};
			name = Release;
		};
/* End XCBuildConfiguration section */

/* Begin XCConfigurationList section */
		87E36458234C9ACC00ADE4D2 /* Build configuration list for PBXProject "Findee" */ = {
			isa = XCConfigurationList;
			buildConfigurations = (
				87E36470234C9ACE00ADE4D2 /* Debug */,
				87E36471234C9ACE00ADE4D2 /* Release */,
			);
			defaultConfigurationIsVisible = 0;
			defaultConfigurationName = Release;
		};
		87E36472234C9ACE00ADE4D2 /* Build configuration list for PBXNativeTarget "Findee" */ = {
			isa = XCConfigurationList;
			buildConfigurations = (
				87E36473234C9ACE00ADE4D2 /* Debug */,
				87E36474234C9ACE00ADE4D2 /* Release */,
			);
			defaultConfigurationIsVisible = 0;
			defaultConfigurationName = Release;
		};
/* End XCConfigurationList section */

/* Begin XCVersionGroup section */
		87E36467234C9ACC00ADE4D2 /* Findee.xcdatamodeld */ = {
			isa = XCVersionGroup;
			children = (
				87E36468234C9ACC00ADE4D2 /* Findee.xcdatamodel */,
			);
			currentVersion = 87E36468234C9ACC00ADE4D2 /* Findee.xcdatamodel */;
			path = Findee.xcdatamodeld;
			sourceTree = "<group>";
			versionGroupType = wrapper.xcdatamodel;
		};
/* End XCVersionGroup section */
	};
	rootObject = 87E36455234C9ACC00ADE4D2 /* Project object */;
}
